
Microsoft Visual Studio Solution File, Format Version 12.00
# Visual Studio Version 17
VisualStudioVersion = 17.7.34221.43
MinimumVisualStudioVersion = 10.0.40219.1
Project("{FAE04EC0-301F-11D3-BF4B-00C04F79EFBC}") = "ProbnyEgzamin", "ProbnyEgzamin\ProbnyEgzamin.csproj", "{8C5CF79F-03BE-40FA-BF35-16DAB25022DF}"
EndProject
Project("{FAE04EC0-301F-11D3-BF4B-00C04F79EFBC}") = "WpfApp1", "WpfApp1\WpfApp1.csproj", "{2DEFB818-1BD4-4168-A8F6-B337B008DBB9}"
EndProject
Global
	GlobalSection(SolutionConfigurationPlatforms) = preSolution
		Debug|Any CPU = Debug|Any CPU
		Release|Any CPU = Release|Any CPU
	EndGlobalSection
	GlobalSection(ProjectConfigurationPlatforms) = postSolution
		{8C5CF79F-03BE-40FA-BF35-16DAB25022DF}.Debug|Any CPU.ActiveCfg = Debug|Any CPU
		{8C5CF79F-03BE-40FA-BF35-16DAB25022DF}.Debug|Any CPU.Build.0 = Debug|Any CPU
		{8C5CF79F-03BE-40FA-BF35-16DAB25022DF}.Release|Any CPU.ActiveCfg = Release|Any CPU
		{8C5CF79F-03BE-40FA-BF35-16DAB25022DF}.Release|Any CPU.Build.0 = Release|Any CPU
		{2DEFB818-1BD4-4168-A8F6-B337B008DBB9}.Debug|Any CPU.ActiveCfg = Debug|Any CPU
		{2DEFB818-1BD4-4168-A8F6-B337B008DBB9}.Debug|Any CPU.Build.0 = Debug|Any CPU
		{2DEFB818-1BD4-4168-A8F6-B337B008DBB9}.Release|Any CPU.ActiveCfg = Release|Any CPU
		{2DEFB818-1BD4-4168-A8F6-B337B008DBB9}.Release|Any CPU.Build.0 = Release|Any CPU
	EndGlobalSection
	GlobalSection(SolutionProperties) = preSolution
		HideSolutionNode = FALSE
	EndGlobalSection
	GlobalSection(ExtensibilityGlobals) = postSolution
		SolutionGuid = {1309727D-F47D-447B-A0B0-30FD5161F0FF}
	EndGlobalSection
EndGlobal
